{
  "projects": [
    {
      "projectId": "qnDjPsrWLZG8APk5UgXZ4Q",
      "version": "0.0.1",
      "dependencies": {},
      "lang": "ts",
      "fileLocks": [
        {
          "assetId": "qnDjPsrWLZG8APk5UgXZ4Q",
          "type": "projectCss",
          "checksum": "e1ec850476829c38b0f9b6d4f7ac446a"
        }
      ],
      "codegenVersion": "0.0.1"
    },
    {
      "projectId": "rJmrvZ8rTbZpYCx9aXq6iH",
      "version": "0.0.1",
      "dependencies": {},
      "lang": "ts",
      "fileLocks": [
        {
          "assetId": "rJmrvZ8rTbZpYCx9aXq6iH",
          "type": "projectCss",
          "checksum": "fd83b730367fdbde2c69bc6cf31c2a3c"
        },
        {
          "assetId": "rJmrvZ8rTbZpYCx9aXq6iH",
          "checksum": "2fe1c6e4d75c801bf1afa89363305d67",
          "type": "globalContexts"
        }
      ],
      "codegenVersion": "0.0.1"
    },
    {
      "projectId": "iJhKQQ71R9m8NWP3m4kYC9",
      "version": "0.0.1",
      "dependencies": {},
      "lang": "ts",
      "fileLocks": [
        {
          "assetId": "iJhKQQ71R9m8NWP3m4kYC9",
          "type": "projectCss",
          "checksum": "e1ec850476829c38b0f9b6d4f7ac446a"
        }
      ],
      "codegenVersion": "0.0.1"
    },
    {
      "projectId": "pCG4GgcXNZ66yjMGiq1R9h",
      "version": "0.0.1",
      "dependencies": {},
      "lang": "ts",
      "fileLocks": [
        {
          "assetId": "pCG4GgcXNZ66yjMGiq1R9h",
          "type": "projectCss",
          "checksum": "e1ec850476829c38b0f9b6d4f7ac446a"
        },
        {
          "assetId": "pCG4GgcXNZ66yjMGiq1R9h",
          "checksum": "f31db0b4cd177530d4c70c0a8b543616",
          "type": "globalContexts"
        }
      ],
      "codegenVersion": "0.0.1"
    },
    {
      "projectId": "k64V3t4m9vVY4M7svFXS8x",
      "version": "0.0.1",
      "dependencies": {},
      "lang": "ts",
      "fileLocks": [
        {
          "assetId": "k64V3t4m9vVY4M7svFXS8x",
          "type": "projectCss",
          "checksum": "1b891cf9539f1db972dc4163ae1172e9"
        }
      ],
      "codegenVersion": "0.0.1"
    },
    {
      "projectId": "hPWcLUPYEAQCx68W2M99up",
      "version": "latest",
      "dependencies": {
        "k64V3t4m9vVY4M7svFXS8x": "0.0.1",
        "pCG4GgcXNZ66yjMGiq1R9h": "0.0.1",
        "iJhKQQ71R9m8NWP3m4kYC9": "0.0.1",
        "rJmrvZ8rTbZpYCx9aXq6iH": "0.0.1",
        "qnDjPsrWLZG8APk5UgXZ4Q": "0.0.1"
      },
      "lang": "ts",
      "fileLocks": [
        {
          "type": "globalVariant",
          "assetId": "1MV16YNowK28",
          "checksum": "62ea218abccee35d573c296dfffd0553"
        },
        {
          "assetId": "hPWcLUPYEAQCx68W2M99up",
          "checksum": "dc53ddee116e144c8fd65e57ec66a9e0",
          "type": "globalContexts"
        },
        {
          "type": "renderModule",
          "assetId": "8uYWn-_qPv3T",
          "checksum": "818522460e26d899c504b76369e3308f"
        },
        {
          "type": "cssRules",
          "assetId": "8uYWn-_qPv3T",
          "checksum": "818522460e26d899c504b76369e3308f"
        },
        {
          "type": "renderModule",
          "assetId": "kbPkSE6WXfXQ",
          "checksum": "c7a0ac84164026a2f858f378d05100c6"
        },
        {
          "type": "cssRules",
          "assetId": "kbPkSE6WXfXQ",
          "checksum": "c7a0ac84164026a2f858f378d05100c6"
        },
        {
          "type": "renderModule",
          "assetId": "FmwlxDiCew1-",
          "checksum": "e86982dfd8f4a7759689592e6c9c1143"
        },
        {
          "type": "cssRules",
          "assetId": "FmwlxDiCew1-",
          "checksum": "e86982dfd8f4a7759689592e6c9c1143"
        },
        {
          "type": "renderModule",
          "assetId": "OMlRT0ZkDECn",
          "checksum": "7d50ad3f6fa7b59e7f79b74a246edc60"
        },
        {
          "type": "cssRules",
          "assetId": "OMlRT0ZkDECn",
          "checksum": "7d50ad3f6fa7b59e7f79b74a246edc60"
        },
        {
          "type": "renderModule",
          "assetId": "TfZERPPFUwbP",
          "checksum": "4b19409933d9a76ed0cbbb82c4ce7d57"
        },
        {
          "type": "cssRules",
          "assetId": "TfZERPPFUwbP",
          "checksum": "4b19409933d9a76ed0cbbb82c4ce7d57"
        },
        {
          "type": "renderModule",
          "assetId": "0MGVlPmY8ah1",
          "checksum": "6b0bacf23b91bda61c345d416b9b057c"
        },
        {
          "type": "cssRules",
          "assetId": "0MGVlPmY8ah1",
          "checksum": "6b0bacf23b91bda61c345d416b9b057c"
        },
        {
          "type": "renderModule",
          "assetId": "mT1l0fGpogeh",
          "checksum": "05a747a8118e42496a41c62b335f7aa9"
        },
        {
          "type": "cssRules",
          "assetId": "mT1l0fGpogeh",
          "checksum": "05a747a8118e42496a41c62b335f7aa9"
        },
        {
          "type": "renderModule",
          "assetId": "Y8VP7NLZke5O",
          "checksum": "f9f181617fc1ea114405fbde90a10eca"
        },
        {
          "type": "cssRules",
          "assetId": "Y8VP7NLZke5O",
          "checksum": "f9f181617fc1ea114405fbde90a10eca"
        },
        {
          "type": "renderModule",
          "assetId": "KzB6jNAMFccm",
          "checksum": "2cbfedf56b755d4de911fd1945bfe1af"
        },
        {
          "type": "cssRules",
          "assetId": "KzB6jNAMFccm",
          "checksum": "2cbfedf56b755d4de911fd1945bfe1af"
        },
        {
          "type": "renderModule",
          "assetId": "V9IXGJKm1E2i",
          "checksum": "2b8e257cc45af915bd1b8af6087d77fd"
        },
        {
          "type": "cssRules",
          "assetId": "V9IXGJKm1E2i",
          "checksum": "2b8e257cc45af915bd1b8af6087d77fd"
        },
        {
          "type": "renderModule",
          "assetId": "skOkBJIU6knm",
          "checksum": "0ff6ee35bc43724a276fb37dbe99083e"
        },
        {
          "type": "cssRules",
          "assetId": "skOkBJIU6knm",
          "checksum": "0ff6ee35bc43724a276fb37dbe99083e"
        },
        {
          "type": "renderModule",
          "assetId": "E4iYbK4fYQhq",
          "checksum": "9ee9f11662a49fbcb596075380df9a68"
        },
        {
          "type": "cssRules",
          "assetId": "E4iYbK4fYQhq",
          "checksum": "9ee9f11662a49fbcb596075380df9a68"
        },
        {
          "type": "renderModule",
          "assetId": "Yd4H2gIYRZVV",
          "checksum": "8db751d9e5984f8c23aa695b80861963"
        },
        {
          "type": "cssRules",
          "assetId": "Yd4H2gIYRZVV",
          "checksum": "8db751d9e5984f8c23aa695b80861963"
        },
        {
          "type": "renderModule",
          "assetId": "VqJkHSpfsMA-",
          "checksum": "aa02459f819cc5e6aaa5bda4cee7e062"
        },
        {
          "type": "cssRules",
          "assetId": "VqJkHSpfsMA-",
          "checksum": "aa02459f819cc5e6aaa5bda4cee7e062"
        },
        {
          "type": "renderModule",
          "assetId": "VN-_cm44BWxe",
          "checksum": "34e048f510c1b5ecda00bc480bcf0e25"
        },
        {
          "type": "cssRules",
          "assetId": "VN-_cm44BWxe",
          "checksum": "34e048f510c1b5ecda00bc480bcf0e25"
        },
        {
          "type": "renderModule",
          "assetId": "6E_aGAHnoGJH",
          "checksum": "c5668e626aec8f275ffebc0ebffc08da"
        },
        {
          "type": "cssRules",
          "assetId": "6E_aGAHnoGJH",
          "checksum": "c5668e626aec8f275ffebc0ebffc08da"
        },
        {
          "type": "icon",
          "assetId": "G7VTO1oIY5Ol",
          "checksum": "24296cc4646c645b09726d879fbca9ef"
        },
        {
          "type": "icon",
          "assetId": "Xznpl4WmsyWl",
          "checksum": "ed65174a23afde7416a82973be76af0e"
        },
        {
          "type": "icon",
          "assetId": "7QjlkweO-RrC",
          "checksum": "6c305f5903801eeda909189d73127e01"
        },
        {
          "type": "icon",
          "assetId": "F6PGrp-g60YA",
          "checksum": "2b32adfa11f8e0c94402738bd8fcaf96"
        },
        {
          "type": "icon",
          "assetId": "I2m-uHW39QkD",
          "checksum": "247dd301cd00d87f1f090082e51f17ad"
        },
        {
          "type": "icon",
          "assetId": "c_qiYEChJ-tE",
          "checksum": "8d84f581e362e851a9c3d5a703f02113"
        },
        {
          "type": "icon",
          "assetId": "a9Rj70Sa-ecv",
          "checksum": "1137b0b94280d63ca0e490cde9b90321"
        },
        {
          "type": "icon",
          "assetId": "8Ie3C7Dvs3nf",
          "checksum": "7d324ac6b84b51730d9e0b9429fee3d0"
        },
        {
          "type": "icon",
          "assetId": "jacFiCA7aQEv",
          "checksum": "b6c4a89395396836ef21954e78ef5920"
        },
        {
          "type": "icon",
          "assetId": "LENB83d6V84j",
          "checksum": "75410f6e277e8bb2f238af119e67404f"
        },
        {
          "type": "icon",
          "assetId": "gd_fLC7pkVmg",
          "checksum": "4ce37ad79f937978caf0d6bcf72381a6"
        },
        {
          "type": "icon",
          "assetId": "pYz5mWj7gfyb",
          "checksum": "8ead1f8da6e6b60d6812e46dbbf09486"
        },
        {
          "type": "icon",
          "assetId": "eIqk_ddUYnY4",
          "checksum": "1d182c28d2789028fb013df8a18a85cb"
        },
        {
          "type": "icon",
          "assetId": "hs5BBya4R1hF",
          "checksum": "fa65b0605361abc3a80300fd51520e17"
        },
        {
          "type": "icon",
          "assetId": "iVeLlrnX07xO",
          "checksum": "6689a9898348a259ae555b9c50174045"
        },
        {
          "type": "icon",
          "assetId": "e8lyr8UmsaB-",
          "checksum": "32f18e56d61b7e5b4834cc218644d4d2"
        },
        {
          "type": "icon",
          "assetId": "yji091Jl-BMS",
          "checksum": "21cea8452d1cda18cf4eb9df5115dea1"
        },
        {
          "type": "icon",
          "assetId": "T6oyg622tahH",
          "checksum": "10b6135d5cf7606dd4a18bf4ed435274"
        },
        {
          "type": "icon",
          "assetId": "_Gq3eT2mkBWh",
          "checksum": "0fa046b4c6029e2d0ecc45de3f7010d3"
        },
        {
          "type": "icon",
          "assetId": "UM82Bo7sMXTo",
          "checksum": "1522a8acd5ec572deb0e9443d853f2a4"
        },
        {
          "type": "image",
          "assetId": "J0EetuRYRnVq",
          "checksum": "95734d8d3fe03050edf8502d3a927d4d"
        },
        {
          "type": "image",
          "assetId": "1ARyb5VdHBxi",
          "checksum": "f353d8df0203778f748caeb519abe035"
        },
        {
          "type": "image",
          "assetId": "DqBmbdhqy-pq",
          "checksum": "a86161d4ce363247f653374a774307e8"
        },
        {
          "type": "image",
          "assetId": "r793-zqxpahq",
          "checksum": "10c4ed27a773c3af3bc321f87e526fba"
        },
        {
          "type": "image",
          "assetId": "EXpKS5ENnf1M",
          "checksum": "6f4b646560e0e24ed75f90bdb7860882"
        },
        {
          "type": "image",
          "assetId": "nHrRJ6r3j16B",
          "checksum": "d123c0d66e21165937a0393d2808c485"
        },
        {
          "type": "image",
          "assetId": "s2zzb3lhElk2",
          "checksum": "3a606af3bfa51ab921750874bc7e7df2"
        },
        {
          "type": "image",
          "assetId": "kknszxj_29F2",
          "checksum": "def7fea67ec2de2c665e91a3673d5783"
        },
        {
          "type": "image",
          "assetId": "3n615rFA0RnW",
          "checksum": "0077f4fd6c3ad4057d78e49652ffb4f2"
        },
        {
          "type": "image",
          "assetId": "gy4D_nnyA2dH",
          "checksum": "fa3629c5f79b14a022b67b9265e5884c"
        },
        {
          "type": "image",
          "assetId": "7o82F8RuiNRx",
          "checksum": "9925a82123020fd898a4ce03c92158dc"
        },
        {
          "type": "image",
          "assetId": "N8jupaNdRGdi",
          "checksum": "06c73083ea7e09cebb15ec3e703ae9da"
        },
        {
          "type": "image",
          "assetId": "JbXxpkO4MyUl",
          "checksum": "28515c1919b67da58bcfce32b19aa7a7"
        },
        {
          "type": "image",
          "assetId": "-K5NPZOmAvbb",
          "checksum": "da761f0e8c317e00d355ae86ce2ec65e"
        },
        {
          "type": "image",
          "assetId": "TTfLaEhpoRov",
          "checksum": "ac273b3408102ed794caa3b430aa374b"
        },
        {
          "type": "image",
          "assetId": "88lPe8dcKRpL",
          "checksum": "911e23f5cdc97934cdb85a50f34e57a2"
        },
        {
          "type": "image",
          "assetId": "BpHshv9WMYpA",
          "checksum": "dbf2e17406f99c17639e6eba6ed7261c"
        },
        {
          "type": "image",
          "assetId": "5a8s2KyvSeKJ",
          "checksum": "efd9c724b078d29bb8c606cd8299183f"
        },
        {
          "type": "image",
          "assetId": "yZrVMcHgAS7R",
          "checksum": "6fafab165596cea4607f325b3c636120"
        },
        {
          "type": "image",
          "assetId": "sjw2qF5sVwSo",
          "checksum": "9a51340287a8c54816904e190570226c"
        },
        {
          "type": "image",
          "assetId": "AIWpJJ0MXoTF",
          "checksum": "6957e70bdbc59edcd5808f781f770de6"
        },
        {
          "type": "image",
          "assetId": "5P3FreZbGlm1",
          "checksum": "d6e8ab1fb09eb86d8a8554f33e05c381"
        },
        {
          "type": "image",
          "assetId": "4MdKnwDeJv7o",
          "checksum": "dfe9e2cda4cb164f2bbaae6768ef112c"
        },
        {
          "type": "image",
          "assetId": "N2v32vGGc83G",
          "checksum": "44a10c7d2dd8370df2d3676a16b21d44"
        },
        {
          "type": "image",
          "assetId": "nPxw7hIfoHST",
          "checksum": "43f8a041825f673d6b1663dd07baa2bd"
        },
        {
          "type": "image",
          "assetId": "MxKykP2zYoev",
          "checksum": "848902e088609a62055e306524a181e4"
        },
        {
          "assetId": "hPWcLUPYEAQCx68W2M99up",
          "type": "projectCss",
          "checksum": "f5313a9deef0136f3b784ea3b1608f73"
        }
      ],
      "codegenVersion": "0.0.1"
    }
  ],
  "cliVersion": "0.1.330"
}
